{
  "name": "ml_js",
  "version": "1.0.0",
  "lockfileVersion": 1,
  "requires": true,
  "dependencies": {
    "acorn": {
      "version": "5.7.3",
      "resolved": "https://registry.npmjs.org/acorn/-/acorn-5.7.3.tgz",
      "integrity": "sha512-T/zvzYRfbVojPWahDsE5evJdHb3oJoQfFbsrKM7w5Zcs++Tr257tia3BmMP8XYVjp1S9RZXQMh7gao96BlqZOw=="
    },
    "brain.js": {
      "version": "1.4.1",
      "resolved": "https://registry.npmjs.org/brain.js/-/brain.js-1.4.1.tgz",
      "integrity": "sha512-HeU36gd0YhRs+jbz1HdcyOkPcjtgpQpnDhu2vJl3urDTZ2JUBxMstt11dvvUoet4lvL71iGhKKFEg21J3X+BBw==",
      "requires": {
        "gpu.js": "1.8.1",
        "thaw.js": "2.0.0"
      }
    },
    "gpu.js": {
      "version": "1.8.1",
      "resolved": "https://registry.npmjs.org/gpu.js/-/gpu.js-1.8.1.tgz",
      "integrity": "sha512-Glpgu8JihpzLo3OZXtdoKCWIE/W61cjNGwb27RXvXAhCnE/DSz3/PeL6rYpk56yZAvjMgXlgAN6NM7fot0NNFQ==",
      "requires": {
        "acorn": "5.7.3"
      }
    },
    "thaw.js": {
      "version": "2.0.0",
      "resolved": "https://registry.npmjs.org/thaw.js/-/thaw.js-2.0.0.tgz",
      "integrity": "sha1-RSvF1+4s4bb5IDewW1BsvWVikdA="
    }
  }
}
